
Microsoft Visual Studio Solution File, Format Version 12.00
# Visual Studio Version 17
VisualStudioVersion = 17.0.32126.317
MinimumVisualStudioVersion = 10.0.40219.1
Project("{9A19103F-16F7-4668-BE54-9A1E7A4F7556}") = "PetTracker.Server", "PetTracker\Server\PetTracker.Server.csproj", "{562382CD-FC0C-42D2-95BE-A486D87B0ED5}"
EndProject
Project("{9A19103F-16F7-4668-BE54-9A1E7A4F7556}") = "PetTracker.Client", "PetTracker\Client\PetTracker.Client.csproj", "{9A706D24-4564-4F2C-BC90-67BC0EC4B631}"
EndProject
Project("{9A19103F-16F7-4668-BE54-9A1E7A4F7556}") = "PetTracker.Shared", "PetTracker\Shared\PetTracker.Shared.csproj", "{A4290F24-D66B-419A-B4A8-72D5398A1FC3}"
EndProject
Global
	GlobalSection(SolutionConfigurationPlatforms) = preSolution
		Debug|Any CPU = Debug|Any CPU
		Release|Any CPU = Release|Any CPU
	EndGlobalSection
	GlobalSection(ProjectConfigurationPlatforms) = postSolution
		{562382CD-FC0C-42D2-95BE-A486D87B0ED5}.Debug|Any CPU.ActiveCfg = Debug|Any CPU
		{562382CD-FC0C-42D2-95BE-A486D87B0ED5}.Debug|Any CPU.Build.0 = Debug|Any CPU
		{562382CD-FC0C-42D2-95BE-A486D87B0ED5}.Release|Any CPU.ActiveCfg = Release|Any CPU
		{562382CD-FC0C-42D2-95BE-A486D87B0ED5}.Release|Any CPU.Build.0 = Release|Any CPU
		{9A706D24-4564-4F2C-BC90-67BC0EC4B631}.Debug|Any CPU.ActiveCfg = Debug|Any CPU
		{9A706D24-4564-4F2C-BC90-67BC0EC4B631}.Debug|Any CPU.Build.0 = Debug|Any CPU
		{9A706D24-4564-4F2C-BC90-67BC0EC4B631}.Release|Any CPU.ActiveCfg = Release|Any CPU
		{9A706D24-4564-4F2C-BC90-67BC0EC4B631}.Release|Any CPU.Build.0 = Release|Any CPU
		{A4290F24-D66B-419A-B4A8-72D5398A1FC3}.Debug|Any CPU.ActiveCfg = Debug|Any CPU
		{A4290F24-D66B-419A-B4A8-72D5398A1FC3}.Debug|Any CPU.Build.0 = Debug|Any CPU
		{A4290F24-D66B-419A-B4A8-72D5398A1FC3}.Release|Any CPU.ActiveCfg = Release|Any CPU
		{A4290F24-D66B-419A-B4A8-72D5398A1FC3}.Release|Any CPU.Build.0 = Release|Any CPU
	EndGlobalSection
	GlobalSection(SolutionProperties) = preSolution
		HideSolutionNode = FALSE
	EndGlobalSection
	GlobalSection(ExtensibilityGlobals) = postSolution
		SolutionGuid = {D8939271-C61D-4098-9875-4942C458F0B9}
	EndGlobalSection
EndGlobal
